{
    "_readme": [
        "This file locks the dependencies of your project to a known state",
        "Read more about it at https://getcomposer.org/doc/01-basic-usage.md#composer-lock-the-lock-file",
        "This file is @generated automatically"
    ],
    "content-hash": "ac92efb31b7fe6bf91a9c8694748f800",
    "packages": [
        {
            "name": "composer/installers",
            "version": "v1.4.0",
            "source": {
                "type": "git",
                "url": "https://github.com/composer/installers.git",
                "reference": "9ce17fb70e9a38dd8acff0636a29f5cf4d575c1b"
            },
            "dist": {
                "type": "zip",
                "url": "https://api.github.com/repos/composer/installers/zipball/9ce17fb70e9a38dd8acff0636a29f5cf4d575c1b",
                "reference": "9ce17fb70e9a38dd8acff0636a29f5cf4d575c1b",
                "shasum": ""
            },
            "require": {
                "composer-plugin-api": "^1.0"
            },
            "replace": {
                "roundcube/plugin-installer": "*",
                "shama/baton": "*"
            },
            "require-dev": {
                "composer/composer": "1.0.*@dev",
                "phpunit/phpunit": "4.1.*"
            },
            "type": "composer-plugin",
            "extra": {
                "class": "Composer\\Installers\\Plugin",
                "branch-alias": {
                    "dev-master": "1.0-dev"
                }
            },
            "autoload": {
                "psr-4": {
                    "Composer\\Installers\\": "src/Composer/Installers"
                }
            },
            "notification-url": "https://packagist.org/downloads/",
            "license": [
                "MIT"
            ],
            "authors": [
                {
                    "name": "Kyle Robinson Young",
                    "email": "kyle@dontkry.com",
                    "homepage": "https://github.com/shama"
                }
            ],
            "description": "A multi-framework Composer library installer",
            "homepage": "https://composer.github.io/installers/",
            "keywords": [
                "Craft",
                "Dolibarr",
                "Eliasis",
                "Hurad",
                "ImageCMS",
                "Kanboard",
                "Lan Management System",
                "MODX Evo",
                "Mautic",
                "Maya",
                "OXID",
                "Plentymarkets",
                "Porto",
                "RadPHP",
                "SMF",
                "Thelia",
                "WolfCMS",
                "agl",
                "aimeos",
                "annotatecms",
                "attogram",
                "bitrix",
                "cakephp",
                "chef",
                "cockpit",
                "codeigniter",
                "concrete5",
                "croogo",
                "dokuwiki",
                "drupal",
                "eZ Platform",
                "elgg",
                "expressionengine",
                "fuelphp",
                "grav",
                "installer",
                "itop",
                "joomla",
                "kohana",
                "laravel",
                "lavalite",
                "lithium",
                "magento",
                "mako",
                "mediawiki",
                "modulework",
                "moodle",
                "osclass",
                "phpbb",
                "piwik",
                "ppi",
                "puppet",
                "reindex",
                "roundcube",
                "shopware",
                "silverstripe",
                "sydes",
                "symfony",
                "typo3",
                "wordpress",
                "yawik",
                "zend",
                "zikula"
            ],
            "time": "2017-08-09T07:53:48+00:00"
        },
        {
            "name": "humanmade/aws-ses-wp-mail",
            "version": "master",
            "dist": {
                "type": "zip",
                "url": "https://github.com/humanmade/aws-ses-wp-mail/archive/571d1e03006354eac2bd5e73816466905857db96.zip",
                "reference": null,
                "shasum": null
            },
            "type": "wordpress-muplugin"
        },
        {
            "name": "humanmade/batcache",
            "version": "dev-master",
            "source": {
                "type": "git",
                "url": "https://github.com/humanmade/batcache.git",
                "reference": "3dde082cde50bc1bc98ae5caf69ca2dec192d7ac"
            },
            "dist": {
                "type": "zip",
                "url": "https://api.github.com/repos/humanmade/batcache/zipball/3dde082cde50bc1bc98ae5caf69ca2dec192d7ac",
                "reference": "3dde082cde50bc1bc98ae5caf69ca2dec192d7ac",
                "shasum": ""
            },
            "require": {
                "composer/installers": "~1.0"
            },
            "type": "wordpress-muplugin",
            "license": [
                "GPL-2.0+"
            ],
            "description": "A memcached HTML page cache for WordPress.",
            "homepage": "https://github.com/humanmade/batcache",
            "support": {
                "issues": "https://github.com/humanmade/batcache/issues",
                "source": "https://github.com/humanmade/batcache"
            },
            "time": "2017-01-24T13:02:06+00:00"
        },
        {
            "name": "humanmade/cavalcade",
            "version": "dev-master",
            "source": {
                "type": "git",
                "url": "https://github.com/humanmade/Cavalcade.git",
                "reference": "86320f1d2c6b8aa94c7f72db29e7c1c56f7633e3"
            },
            "dist": {
                "type": "zip",
                "url": "https://api.github.com/repos/humanmade/Cavalcade/zipball/86320f1d2c6b8aa94c7f72db29e7c1c56f7633e3",
                "reference": "86320f1d2c6b8aa94c7f72db29e7c1c56f7633e3",
                "shasum": ""
            },
            "require": {
                "composer/installers": "~1.0"
            },
            "require-dev": {
                "humanmade/coding-standards": "dev-master"
            },
            "type": "wordpress-muplugin",
            "notification-url": "https://packagist.org/downloads/",
            "license": [
                "GPL-2.0+"
            ],
            "authors": [
                {
                    "name": "Human Made",
                    "homepage": "https://hmn.md/"
                }
            ],
            "description": "A better wp-cron. Horizontally scalable, works perfectly with multisite.",
            "homepage": "https://github.com/humanmade/Cavalcade",
            "time": "2017-07-29T11:28:01+00:00"
        },
        {
            "name": "humanmade/memcached-object-cache",
            "version": "master",
            "dist": {
                "type": "zip",
                "url": "https://github.com/humanmade/wordpress-pecl-memcached-object-cache/archive/master.zip",
                "reference": null,
                "shasum": null
            },
            "type": "wordpress-muplugin"
        },
        {
            "name": "humanmade/s3-uploads",
            "version": "master",
            "dist": {
                "type": "zip",
                "url": "https://github.com/humanmade/S3-Uploads/archive/411697780aaef386cd6e8476731b10749b71796a.zip",
                "reference": null,
                "shasum": null
            },
            "type": "wordpress-muplugin"
        },
        {
            "name": "johnpbloch/wordpress",
            "version": "4.8.2",
            "source": {
                "type": "git",
                "url": "https://github.com/johnpbloch/wordpress.git",
                "reference": "d500aae1793990e4874cf794b6cf88ce60a38918"
            },
            "dist": {
                "type": "zip",
                "url": "https://api.github.com/repos/johnpbloch/wordpress/zipball/d500aae1793990e4874cf794b6cf88ce60a38918",
                "reference": "d500aae1793990e4874cf794b6cf88ce60a38918",
                "shasum": ""
            },
            "require": {
                "johnpbloch/wordpress-core": "4.8.2",
                "johnpbloch/wordpress-core-installer": "^1.0",
                "php": ">=5.3.2"
            },
            "type": "package",
            "notification-url": "https://packagist.org/downloads/",
            "license": [
                "GPL-2.0+"
            ],
            "authors": [
                {
                    "name": "WordPress Community",
                    "homepage": "http://wordpress.org/about/"
                }
            ],
            "description": "WordPress is web software you can use to create a beautiful website or blog.",
            "homepage": "http://wordpress.org/",
            "keywords": [
                "blog",
                "cms",
                "wordpress"
            ],
            "time": "2017-09-19T22:27:16+00:00"
        },
        {
            "name": "johnpbloch/wordpress-core",
            "version": "4.8.2",
            "source": {
                "type": "git",
                "url": "https://github.com/johnpbloch/wordpress-core.git",
                "reference": "706faa0d7b6b57a25d4acd18331dd71dfa6b01cf"
            },
            "dist": {
                "type": "zip",
                "url": "https://api.github.com/repos/johnpbloch/wordpress-core/zipball/706faa0d7b6b57a25d4acd18331dd71dfa6b01cf",
                "reference": "706faa0d7b6b57a25d4acd18331dd71dfa6b01cf",
                "shasum": ""
            },
            "require": {
                "php": ">=5.3.2"
            },
            "provide": {
                "wordpress/core-implementation": "4.8.2"
            },
            "type": "wordpress-core",
            "notification-url": "https://packagist.org/downloads/",
            "license": [
                "GPL-2.0+"
            ],
            "authors": [
                {
                    "name": "WordPress Community",
                    "homepage": "http://wordpress.org/about/"
                }
            ],
            "description": "WordPress is web software you can use to create a beautiful website or blog.",
            "homepage": "http://wordpress.org/",
            "keywords": [
                "blog",
                "cms",
                "wordpress"
            ],
            "time": "2017-09-19T22:27:11+00:00"
        },
        {
            "name": "johnpbloch/wordpress-core-installer",
            "version": "1.0.0",
            "source": {
                "type": "git",
                "url": "https://github.com/johnpbloch/wordpress-core-installer.git",
                "reference": "e9e767f2d9f994f358c34b41def2c410ad8717f2"
            },
            "dist": {
                "type": "zip",
                "url": "https://api.github.com/repos/johnpbloch/wordpress-core-installer/zipball/e9e767f2d9f994f358c34b41def2c410ad8717f2",
                "reference": "e9e767f2d9f994f358c34b41def2c410ad8717f2",
                "shasum": ""
            },
            "require": {
                "composer-plugin-api": "^1.0"
            },
            "conflict": {
                "composer/installers": "<1.0.6"
            },
            "require-dev": {
                "composer/composer": "^1.0",
                "phpunit/phpunit": ">=4.8.35"
            },
            "type": "composer-plugin",
            "extra": {
                "class": "johnpbloch\\Composer\\WordPressCorePlugin"
            },
            "autoload": {
                "psr-0": {
                    "johnpbloch\\Composer\\": "src/"
                }
            },
            "notification-url": "https://packagist.org/downloads/",
            "license": [
                "GPL-2.0+"
            ],
            "authors": [
                {
                    "name": "John P. Bloch",
                    "email": "me@johnpbloch.com"
                }
            ],
            "description": "A custom installer to handle deploying WordPress with composer",
            "keywords": [
                "wordpress"
            ],
            "time": "2017-05-31T18:42:33+00:00"
        },
        {
            "name": "stuttter/ludicrousdb",
            "version": "4.0.0",
            "source": {
                "type": "git",
                "url": "https://github.com/stuttter/ludicrousdb.git",
                "reference": "68be1c40fccbdbcc79c5665022c46ff980e958cc"
            },
            "dist": {
                "type": "zip",
                "url": "https://api.github.com/repos/stuttter/ludicrousdb/zipball/68be1c40fccbdbcc79c5665022c46ff980e958cc",
                "reference": "68be1c40fccbdbcc79c5665022c46ff980e958cc",
                "shasum": ""
            },
            "require": {
                "composer/installers": "~1.0",
                "php": ">=5.2"
            },
            "type": "wordpress-muplugin",
            "notification-url": "https://packagist.org/downloads/",
            "license": [
                "GPL-2.0+"
            ],
            "authors": [
                {
                    "name": "John James Jacoby",
                    "email": "johnjamesjacoby@me.com"
                },
                {
                    "name": "Jonny Harris",
                    "email": "jon@spacedmonkey.co.uk"
                }
            ],
            "description": "LudicrousDB is a database class that supports replication, failover, load balancing, & partitioning, based on Automattic's HyperDB drop-in.",
            "homepage": "https://github.com/stuttter/ludicrousdb",
            "time": "2017-06-20T16:13:53+00:00"
        },
        {
            "name": "wpackagist-theme/twentyseventeen",
            "version": "1.3",
            "source": {
                "type": "svn",
                "url": "https://themes.svn.wordpress.org/twentyseventeen/",
                "reference": "1.3"
            },
            "dist": {
                "type": "zip",
                "url": "https://downloads.wordpress.org/theme/twentyseventeen.1.3.zip",
                "reference": null,
                "shasum": null
            },
            "require": {
                "composer/installers": "~1.0"
            },
            "type": "wordpress-theme",
            "homepage": "https://wordpress.org/themes/twentyseventeen/"
        }
    ],
    "packages-dev": [
        {
            "name": "johnbillion/query-monitor",
            "version": "2.15.0",
            "source": {
                "type": "git",
                "url": "https://github.com/johnbillion/query-monitor.git",
                "reference": "e7bb8b5d5bd3e85d54b5f901acd922feac77c09b"
            },
            "dist": {
                "type": "zip",
                "url": "https://api.github.com/repos/johnbillion/query-monitor/zipball/e7bb8b5d5bd3e85d54b5f901acd922feac77c09b",
                "reference": "e7bb8b5d5bd3e85d54b5f901acd922feac77c09b",
                "shasum": ""
            },
            "require": {
                "composer/installers": "~1.0"
            },
            "require-dev": {
                "phpunit/phpunit": "~5.7"
            },
            "type": "wordpress-plugin",
            "notification-url": "https://packagist.org/downloads/",
            "license": [
                "GPL-2.0+"
            ],
            "authors": [
                {
                    "name": "John Blackbourn",
                    "homepage": "https://johnblackbourn.com/"
                }
            ],
            "description": "WordPress plugin for monitoring database queries, hooks, conditionals, HTTP requests, query vars, environment, redirects, and more.",
            "homepage": "https://github.com/johnbillion/query-monitor/",
            "time": "2017-09-29T18:27:33+00:00"
        },
        {
            "name": "wpackagist-plugin/rewrite-rules-inspector",
            "version": "1.2.1",
            "source": {
                "type": "svn",
                "url": "https://plugins.svn.wordpress.org/rewrite-rules-inspector/",
                "reference": "tags/1.2.1"
            },
            "dist": {
                "type": "zip",
                "url": "https://downloads.wordpress.org/plugin/rewrite-rules-inspector.1.2.1.zip",
                "reference": null,
                "shasum": null
            },
            "require": {
                "composer/installers": "~1.0"
            },
            "type": "wordpress-plugin",
            "homepage": "https://wordpress.org/plugins/rewrite-rules-inspector/"
        }
    ],
    "aliases": [],
    "minimum-stability": "dev",
    "stability-flags": {
        "humanmade/batcache": 20,
        "humanmade/cavalcade": 20,
        "humanmade/memcached-object-cache": 20,
        "humanmade/s3-uploads": 20
    },
    "prefer-stable": true,
    "prefer-lowest": false,
    "platform": [],
    "platform-dev": []
}
